<?xml version="1.0" encoding="utf-8"?>
<Project ToolsVersion="4.0" xmlns="http://schemas.microsoft.com/developer/msbuild/2003">
  <ItemGroup>
    <Filter Include="Source Files">
      <UniqueIdentifier>{4FC737F1-C7A5-4376-A066-2A32D752A2FF}</UniqueIdentifier>
      <Extensions>cpp;c;cc;cxx;def;odl;idl;hpj;bat;asm;asmx</Extensions>
    </Filter>
    <Filter Include="Header Files">
      <UniqueIdentifier>{93995380-89BD-4b04-88EB-625FBE52EBFB}</UniqueIdentifier>
      <Extensions>h;hpp;hxx;hm;inl;inc;xsd</Extensions>
    </Filter>
    <Filter Include="Resource Files">
      <UniqueIdentifier>{67DA6AB6-F800-4c08-8B7A-83BB121AAD01}</UniqueIdentifier>
      <Extensions>rc;ico;cur;bmp;dlg;rc2;rct;bin;rgs;gif;jpg;jpeg;jpe;resx;tiff;tif;png;wav</Extensions>
    </Filter>
  </ItemGroup>
  <ItemGroup>
    <ClCompile Include="AboutDlg.cpp">
      <Filter>Source Files</Filter>
    </ClCompile>
    <ClCompile Include="ChildFrm.cpp">
      <Filter>Source Files</Filter>
    </ClCompile>
    <ClCompile Include="CntrItem.cpp">
      <Filter>Source Files</Filter>
    </ClCompile>
    <ClCompile Include="Core\CRC32.cpp">
      <Filter>Source Files</Filter>
    </ClCompile>
    <ClCompile Include="CrcCalculationDialog.cpp">
      <Filter>Source Files</Filter>
    </ClCompile>
    <ClCompile Include="Common\CRCGenerator.cpp">
      <Filter>Source Files</Filter>
    </ClCompile>
    <ClCompile Include="Common\CSACipher.cpp">
      <Filter>Source Files</Filter>
    </ClCompile>
    <ClCompile Include="CSACipherDialog.cpp">
      <Filter>Source Files</Filter>
    </ClCompile>
    <ClCompile Include="Core\Descriptor.cpp">
      <Filter>Source Files</Filter>
    </ClCompile>
    <ClCompile Include="FieldView.cpp">
      <Filter>Source Files</Filter>
    </ClCompile>
    <ClCompile Include="UIPackage\HexEdit.cpp">
      <Filter>Source Files</Filter>
    </ClCompile>
    <ClCompile Include="HexView.cpp">
      <Filter>Source Files</Filter>
    </ClCompile>
    <ClCompile Include="Ip2FileDialog.cpp">
      <Filter>Source Files</Filter>
    </ClCompile>
    <ClCompile Include="MainFrm.cpp">
      <Filter>Source Files</Filter>
    </ClCompile>
    <ClCompile Include="Common\MicrosecondTimer.cpp">
      <Filter>Source Files</Filter>
    </ClCompile>
    <ClCompile Include="Core\PESPacketAssembler.cpp">
      <Filter>Source Files</Filter>
    </ClCompile>
    <ClCompile Include="Core\PESPacketHeaderReader.cpp">
      <Filter>Source Files</Filter>
    </ClCompile>
    <ClCompile Include="Core\PESPacketObserver.cpp">
      <Filter>Source Files</Filter>
    </ClCompile>
    <ClCompile Include="Core\PESPacketParser.cpp">
      <Filter>Source Files</Filter>
    </ClCompile>
    <ClCompile Include="Core\PESPacketSearcher.cpp">
      <Filter>Source Files</Filter>
    </ClCompile>
    <ClCompile Include="RegistrationDialog.cpp">
      <Filter>Source Files</Filter>
    </ClCompile>
    <ClCompile Include="SearchSetupDialog.cpp">
      <Filter>Source Files</Filter>
    </ClCompile>
    <ClCompile Include="Core\SectionAssembler.cpp">
      <Filter>Source Files</Filter>
    </ClCompile>
    <ClCompile Include="Core\SectionHeaderReader.cpp">
      <Filter>Source Files</Filter>
    </ClCompile>
    <ClCompile Include="Core\SectionObserver.cpp">
      <Filter>Source Files</Filter>
    </ClCompile>
    <ClCompile Include="Core\SectionStoreBAT.cpp">
      <Filter>Source Files</Filter>
    </ClCompile>
    <ClCompile Include="Core\SectionStoreCAT.cpp">
      <Filter>Source Files</Filter>
    </ClCompile>
    <ClCompile Include="Core\SectionStoreDIT.cpp">
      <Filter>Source Files</Filter>
    </ClCompile>
    <ClCompile Include="Core\SectionStoreEIT.cpp">
      <Filter>Source Files</Filter>
    </ClCompile>
    <ClCompile Include="Core\SectionStoreNIT.cpp">
      <Filter>Source Files</Filter>
    </ClCompile>
    <ClCompile Include="Core\SectionStorePAT.cpp">
      <Filter>Source Files</Filter>
    </ClCompile>
    <ClCompile Include="Core\SectionStorePMT.cpp">
      <Filter>Source Files</Filter>
    </ClCompile>
    <ClCompile Include="Core\SectionStorePrivate.cpp">
      <Filter>Source Files</Filter>
    </ClCompile>
    <ClCompile Include="Core\SectionStoreRST.cpp">
      <Filter>Source Files</Filter>
    </ClCompile>
    <ClCompile Include="Core\SectionStoreSDT.cpp">
      <Filter>Source Files</Filter>
    </ClCompile>
    <ClCompile Include="Core\SectionStoreSIT.cpp">
      <Filter>Source Files</Filter>
    </ClCompile>
    <ClCompile Include="Core\SectionStoreSSU.cpp">
      <Filter>Source Files</Filter>
    </ClCompile>
    <ClCompile Include="Core\SectionStoreTDT.cpp">
      <Filter>Source Files</Filter>
    </ClCompile>
    <ClCompile Include="Core\SectionStoreTOT.cpp">
      <Filter>Source Files</Filter>
    </ClCompile>
    <ClCompile Include="Core\SectionStoreTSDT.cpp">
      <Filter>Source Files</Filter>
    </ClCompile>
    <ClCompile Include="stdafx.cpp">
      <Filter>Source Files</Filter>
    </ClCompile>
    <ClCompile Include="TextView.cpp">
      <Filter>Source Files</Filter>
    </ClCompile>
    <ClCompile Include="UIPackage\TreeList.cpp">
      <Filter>Source Files</Filter>
    </ClCompile>
    <ClCompile Include="TSExpert.cpp">
      <Filter>Source Files</Filter>
    </ClCompile>
    <ClCompile Include="TSExpertDoc.cpp">
      <Filter>Source Files</Filter>
    </ClCompile>
    <ClCompile Include="TSExpertView.cpp">
      <Filter>Source Files</Filter>
    </ClCompile>
    <ClCompile Include="Core\TSHeaderLocator.cpp">
      <Filter>Source Files</Filter>
    </ClCompile>
    <ClCompile Include="Core\TSHeaderReader.cpp">
      <Filter>Source Files</Filter>
    </ClCompile>
    <ClCompile Include="Core\TSPacketObserver.cpp">
      <Filter>Source Files</Filter>
    </ClCompile>
    <ClCompile Include="Core\TSPacketProducer.cpp">
      <Filter>Source Files</Filter>
    </ClCompile>
    <ClCompile Include="Core\TSPacketSearcher.cpp">
      <Filter>Source Files</Filter>
    </ClCompile>
    <ClCompile Include="Core\TSPacketStore.cpp">
      <Filter>Source Files</Filter>
    </ClCompile>
    <ClCompile Include="Core\TSParser.cpp">
      <Filter>Source Files</Filter>
    </ClCompile>
    <ClCompile Include="Core\TSPidCounter.cpp">
      <Filter>Source Files</Filter>
    </ClCompile>
    <ClCompile Include="Common\UdpSocketHelper.cpp">
      <Filter>Source Files</Filter>
    </ClCompile>
  </ItemGroup>
  <ItemGroup>
    <ClInclude Include="AboutDlg.h">
      <Filter>Header Files</Filter>
    </ClInclude>
    <ClInclude Include="ChildFrm.h">
      <Filter>Header Files</Filter>
    </ClInclude>
    <ClInclude Include="CntrItem.h">
      <Filter>Header Files</Filter>
    </ClInclude>
    <ClInclude Include="Core\CRC32.h">
      <Filter>Header Files</Filter>
    </ClInclude>
    <ClInclude Include="CrcCalculationDialog.h">
      <Filter>Header Files</Filter>
    </ClInclude>
    <ClInclude Include="Common\CRCGenerator.h">
      <Filter>Header Files</Filter>
    </ClInclude>
    <ClInclude Include="Common\CSACipher.h">
      <Filter>Header Files</Filter>
    </ClInclude>
    <ClInclude Include="CSACipherDialog.h">
      <Filter>Header Files</Filter>
    </ClInclude>
    <ClInclude Include="Core\Descriptor.h">
      <Filter>Header Files</Filter>
    </ClInclude>
    <ClInclude Include="FieldView.h">
      <Filter>Header Files</Filter>
    </ClInclude>
    <ClInclude Include="UIPackage\HexEdit.h">
      <Filter>Header Files</Filter>
    </ClInclude>
    <ClInclude Include="HexView.h">
      <Filter>Header Files</Filter>
    </ClInclude>
    <ClInclude Include="Ip2FileDialog.h">
      <Filter>Header Files</Filter>
    </ClInclude>
    <ClInclude Include="MainFrm.h">
      <Filter>Header Files</Filter>
    </ClInclude>
    <ClInclude Include="Core\PESPacketAssembler.h">
      <Filter>Header Files</Filter>
    </ClInclude>
    <ClInclude Include="Core\PESPacketHeaderReader.h">
      <Filter>Header Files</Filter>
    </ClInclude>
    <ClInclude Include="Core\PESPacketObserver.h">
      <Filter>Header Files</Filter>
    </ClInclude>
    <ClInclude Include="Core\PESPacketParser.h">
      <Filter>Header Files</Filter>
    </ClInclude>
    <ClInclude Include="Core\PESPacketSearcher.h">
      <Filter>Header Files</Filter>
    </ClInclude>
    <ClInclude Include="RegistrationDialog.h">
      <Filter>Header Files</Filter>
    </ClInclude>
    <ClInclude Include="Resource.h">
      <Filter>Header Files</Filter>
    </ClInclude>
    <ClInclude Include="SearchSetupDialog.h">
      <Filter>Header Files</Filter>
    </ClInclude>
    <ClInclude Include="Core\SectionAssembler.h">
      <Filter>Header Files</Filter>
    </ClInclude>
    <ClInclude Include="Core\SectionHeaderReader.h">
      <Filter>Header Files</Filter>
    </ClInclude>
    <ClInclude Include="Core\SectionObserver.h">
      <Filter>Header Files</Filter>
    </ClInclude>
    <ClInclude Include="Core\SectionStoreBAT.h">
      <Filter>Header Files</Filter>
    </ClInclude>
    <ClInclude Include="Core\SectionStoreCAT.h">
      <Filter>Header Files</Filter>
    </ClInclude>
    <ClInclude Include="Core\SectionStoreDIT.h">
      <Filter>Header Files</Filter>
    </ClInclude>
    <ClInclude Include="Core\SectionStoreEIT.h">
      <Filter>Header Files</Filter>
    </ClInclude>
    <ClInclude Include="Core\SectionStoreNIT.h">
      <Filter>Header Files</Filter>
    </ClInclude>
    <ClInclude Include="Core\SectionStorePAT.h">
      <Filter>Header Files</Filter>
    </ClInclude>
    <ClInclude Include="Core\SectionStorePMT.h">
      <Filter>Header Files</Filter>
    </ClInclude>
    <ClInclude Include="Core\SectionStorePrivate.h">
      <Filter>Header Files</Filter>
    </ClInclude>
    <ClInclude Include="Core\SectionStoreRST.h">
      <Filter>Header Files</Filter>
    </ClInclude>
    <ClInclude Include="Core\SectionStoreSDT.h">
      <Filter>Header Files</Filter>
    </ClInclude>
    <ClInclude Include="Core\SectionStoreSIT.h">
      <Filter>Header Files</Filter>
    </ClInclude>
    <ClInclude Include="Core\SectionStoreSSU.h">
      <Filter>Header Files</Filter>
    </ClInclude>
    <ClInclude Include="Core\SectionStoreTDT.h">
      <Filter>Header Files</Filter>
    </ClInclude>
    <ClInclude Include="Core\SectionStoreTOT.h">
      <Filter>Header Files</Filter>
    </ClInclude>
    <ClInclude Include="Core\SectionStoreTSDT.h">
      <Filter>Header Files</Filter>
    </ClInclude>
    <ClInclude Include="stdafx.h">
      <Filter>Header Files</Filter>
    </ClInclude>
    <ClInclude Include="TextView.h">
      <Filter>Header Files</Filter>
    </ClInclude>
    <ClInclude Include="UIPackage\TreeList.h">
      <Filter>Header Files</Filter>
    </ClInclude>
    <ClInclude Include="TSExpert.h">
      <Filter>Header Files</Filter>
    </ClInclude>
    <ClInclude Include="TSExpertDoc.h">
      <Filter>Header Files</Filter>
    </ClInclude>
    <ClInclude Include="TSExpertView.h">
      <Filter>Header Files</Filter>
    </ClInclude>
    <ClInclude Include="Core\TSHeaderLocator.h">
      <Filter>Header Files</Filter>
    </ClInclude>
    <ClInclude Include="Core\TSHeaderReader.h">
      <Filter>Header Files</Filter>
    </ClInclude>
    <ClInclude Include="Core\TSPacketObserver.h">
      <Filter>Header Files</Filter>
    </ClInclude>
    <ClInclude Include="Core\TSPacketProducer.h">
      <Filter>Header Files</Filter>
    </ClInclude>
    <ClInclude Include="Core\TSPacketSearcher.h">
      <Filter>Header Files</Filter>
    </ClInclude>
    <ClInclude Include="Core\TSPacketStore.h">
      <Filter>Header Files</Filter>
    </ClInclude>
    <ClInclude Include="Core\TSParser.h">
      <Filter>Header Files</Filter>
    </ClInclude>
    <ClInclude Include="Core\TSPid.h">
      <Filter>Header Files</Filter>
    </ClInclude>
    <ClInclude Include="Core\TSPidCounter.h">
      <Filter>Header Files</Filter>
    </ClInclude>
    <ClInclude Include="Core\TSPublic.h">
      <Filter>Header Files</Filter>
    </ClInclude>
    <ClInclude Include="Core\TSTableId.h">
      <Filter>Header Files</Filter>
    </ClInclude>
    <ClInclude Include="Common\UdpSocketHelper.h">
      <Filter>Header Files</Filter>
    </ClInclude>
  </ItemGroup>
  <ItemGroup>
    <None Include="res\Toolbar.bmp">
      <Filter>Resource Files</Filter>
    </None>
    <None Include="res\ToolBar32Plus32.bmp">
      <Filter>Resource Files</Filter>
    </None>
    <None Include="res\TreeIconList.BMP">
      <Filter>Resource Files</Filter>
    </None>
    <None Include="res\TSExpert.ico">
      <Filter>Resource Files</Filter>
    </None>
    <None Include="res\TSExpert.rc2">
      <Filter>Resource Files</Filter>
    </None>
    <None Include="res\TSExpertDoc.ico">
      <Filter>Resource Files</Filter>
    </None>
  </ItemGroup>
  <ItemGroup>
    <ResourceCompile Include="TSExpert.rc">
      <Filter>Resource Files</Filter>
    </ResourceCompile>
  </ItemGroup>
</Project>